// !$*UTF8*$!
{
	archiveVersion = 1;
	classes = {
	};
	objectVersion = 50;
	objects = {

/* Begin PBXBuildFile section */
		BEB04FC023A29DAA007E5AF6 /* AppDelegate.swift in Sources */ = {isa = PBXBuildFile; fileRef = BEB04FBF23A29DAA007E5AF6 /* AppDelegate.swift */; };
		BEB04FC223A29DAA007E5AF6 /* SceneDelegate.swift in Sources */ = {isa = PBXBuildFile; fileRef = BEB04FC123A29DAA007E5AF6 /* SceneDelegate.swift */; };
		BEB04FC423A29DAA007E5AF6 /* ContentView.swift in Sources */ = {isa = PBXBuildFile; fileRef = BEB04FC323A29DAA007E5AF6 /* ContentView.swift */; };
		BEB04FC623A29DAF007E5AF6 /* Assets.xcassets in Resources */ = {isa = PBXBuildFile; fileRef = BEB04FC523A29DAF007E5AF6 /* Assets.xcassets */; };
		BEB04FC923A29DAF007E5AF6 /* Preview Assets.xcassets in Resources */ = {isa = PBXBuildFile; fileRef = BEB04FC823A29DAF007E5AF6 /* Preview Assets.xcassets */; };
		BEB04FCC23A29DAF007E5AF6 /* LaunchScreen.storyboard in Resources */ = {isa = PBXBuildFile; fileRef = BEB04FCA23A29DAF007E5AF6 /* LaunchScreen.storyboard */; };
/* End PBXBuildFile section */

/* Begin PBXFileReference section */
		BEB04FBC23A29DAA007E5AF6 /* DynamicList.app */ = {isa = PBXFileReference; explicitFileType = wrapper.application; includeInIndex = 0; path = DynamicList.app; sourceTree = BUILT_PRODUCTS_DIR; };
		BEB04FBF23A29DAA007E5AF6 /* AppDelegate.swift */ = {isa = PBXFileReference; lastKnownFileType = sourcecode.swift; path = AppDelegate.swift; sourceTree = "<group>"; };
		BEB04FC123A29DAA007E5AF6 /* SceneDelegate.swift */ = {isa = PBXFileReference; lastKnownFileType = sourcecode.swift; path = SceneDelegate.swift; sourceTree = "<group>"; };
		BEB04FC323A29DAA007E5AF6 /* ContentView.swift */ = {isa = PBXFileReference; lastKnownFileType = sourcecode.swift; path = ContentView.swift; sourceTree = "<group>"; };
		BEB04FC523A29DAF007E5AF6 /* Assets.xcassets */ = {isa = PBXFileReference; lastKnownFileType = folder.assetcatalog; path = Assets.xcassets; sourceTree = "<group>"; };
		BEB04FC823A29DAF007E5AF6 /* Preview Assets.xcassets */ = {isa = PBXFileReference; lastKnownFileType = folder.assetcatalog; path = "Preview Assets.xcassets"; sourceTree = "<group>"; };
		BEB04FCB23A29DAF007E5AF6 /* Base */ = {isa = PBXFileReference; lastKnownFileType = file.storyboard; name = Base; path = Base.lproj/LaunchScreen.storyboard; sourceTree = "<group>"; };
		BEB04FCD23A29DAF007E5AF6 /* Info.plist */ = {isa = PBXFileReference; lastKnownFileType = text.plist.xml; path = Info.plist; sourceTree = "<group>"; };
/* End PBXFileReference section */

/* Begin PBXFrameworksBuildPhase section */
		BEB04FB923A29DAA007E5AF6 /* Frameworks */ = {
			isa = PBXFrameworksBuildPhase;
			buildActionMask = 2147483647;
			files = (
			);
			runOnlyForDeploymentPostprocessing = 0;
		};
/* End PBXFrameworksBuildPhase section */

/* Begin PBXGroup section */
		BEB04FB323A29DAA007E5AF6 = {
			isa = PBXGroup;
			children = (
				BEB04FBE23A29DAA007E5AF6 /* DynamicList */,
				BEB04FBD23A29DAA007E5AF6 /* Products */,
			);
			sourceTree = "<group>";
		};
		BEB04FBD23A29DAA007E5AF6 /* Products */ = {
			isa = PBXGroup;
			children = (
				BEB04FBC23A29DAA007E5AF6 /* DynamicList.app */,
			);
			name = Products;
			sourceTree = "<group>";
		};
		BEB04FBE23A29DAA007E5AF6 /* DynamicList */ = {
			isa = PBXGroup;
			children = (
				BEB04FBF23A29DAA007E5AF6 /* AppDelegate.swift */,
				BEB04FC123A29DAA007E5AF6 /* SceneDelegate.swift */,
				BEB04FC323A29DAA007E5AF6 /* ContentView.swift */,
				BEB04FC523A29DAF007E5AF6 /* Assets.xcassets */,
				BEB04FCA23A29DAF007E5AF6 /* LaunchScreen.storyboard */,
				BEB04FCD23A29DAF007E5AF6 /* Info.plist */,
				BEB04FC723A29DAF007E5AF6 /* Preview Content */,
			);
			path = DynamicList;
			sourceTree = "<group>";
		};
		BEB04FC723A29DAF007E5AF6 /* Preview Content */ = {
			isa = PBXGroup;
			children = (
				BEB04FC823A29DAF007E5AF6 /* Preview Assets.xcassets */,
			);
			path = "Preview Content";
			sourceTree = "<group>";
		};
/* End PBXGroup section */

/* Begin PBXNativeTarget section */
		BEB04FBB23A29DAA007E5AF6 /* DynamicList */ = {
			isa = PBXNativeTarget;
			buildConfigurationList = BEB04FD023A29DAF007E5AF6 /* Build configuration list for PBXNativeTarget "DynamicList" */;
			buildPhases = (
				BEB04FB823A29DAA007E5AF6 /* Sources */,
				BEB04FB923A29DAA007E5AF6 /* Frameworks */,
				BEB04FBA23A29DAA007E5AF6 /* Resources */,
			);
			buildRules = (
			);
			dependencies = (
			);
			name = DynamicList;
			productName = DynamicList;
			productReference = BEB04FBC23A29DAA007E5AF6 /* DynamicList.app */;
			productType = "com.apple.product-type.application";
		};
/* End PBXNativeTarget section */

/* Begin PBXProject section */
		BEB04FB423A29DAA007E5AF6 /* Project object */ = {
			isa = PBXProject;
			attributes = {
				LastSwiftUpdateCheck = 1120;
				LastUpgradeCheck = 1120;
				ORGANIZATIONNAME = "Wilson Munoz";
				TargetAttributes = {
					BEB04FBB23A29DAA007E5AF6 = {
						CreatedOnToolsVersion = 11.2.1;
					};
				};
			};
			buildConfigurationList = BEB04FB723A29DAA007E5AF6 /* Build configuration list for PBXProject "DynamicList" */;
			compatibilityVersion = "Xcode 9.3";
			developmentRegion = en;
			hasScannedForEncodings = 0;
			knownRegions = (
				en,
				Base,
			);
			mainGroup = BEB04FB323A29DAA007E5AF6;
			productRefGroup = BEB04FBD23A29DAA007E5AF6 /* Products */;
			projectDirPath = "";
			projectRoot = "";
			targets = (
				BEB04FBB23A29DAA007E5AF6 /* DynamicList */,
			);
		};
/* End PBXProject section */

/* Begin PBXResourcesBuildPhase section */
		BEB04FBA23A29DAA007E5AF6 /* Resources */ = {
			isa = PBXResourcesBuildPhase;
			buildActionMask = 2147483647;
			files = (
				BEB04FCC23A29DAF007E5AF6 /* LaunchScreen.storyboard in Resources */,
				BEB04FC923A29DAF007E5AF6 /* Preview Assets.xcassets in Resources */,
				BEB04FC623A29DAF007E5AF6 /* Assets.xcassets in Resources */,
			);
			runOnlyForDeploymentPostprocessing = 0;
		};
/* End PBXResourcesBuildPhase section */

/* Begin PBXSourcesBuildPhase section */
		BEB04FB823A29DAA007E5AF6 /* Sources */ = {
			isa = PBXSourcesBuildPhase;
			buildActionMask = 2147483647;
			files = (
				BEB04FC023A29DAA007E5AF6 /* AppDelegate.swift in Sources */,
				BEB04FC223A29DAA007E5AF6 /* SceneDelegate.swift in Sources */,
				BEB04FC423A29DAA007E5AF6 /* ContentView.swift in Sources */,
			);
			runOnlyForDeploymentPostprocessing = 0;
		};
/* End PBXSourcesBuildPhase section */

/* Begin PBXVariantGroup section */
		BEB04FCA23A29DAF007E5AF6 /* LaunchScreen.storyboard */ = {
			isa = PBXVariantGroup;
			children = (
				BEB04FCB23A29DAF007E5AF6 /* Base */,
			);
			name = LaunchScreen.storyboard;
			sourceTree = "<group>";
		};
/* End PBXVariantGroup section */

/* Begin XCBuildConfiguration section */
		BEB04FCE23A29DAF007E5AF6 /* Debug */ = {
			isa = XCBuildConfiguration;
			buildSettings = {
				ALWAYS_SEARCH_USER_PATHS = NO;
				CLANG_ANALYZER_NONNULL = YES;
				CLANG_ANALYZER_NUMBER_OBJECT_CONVERSION = YES_AGGRESSIVE;
				CLANG_CXX_LANGUAGE_STANDARD = "gnu++14";
				CLANG_CXX_LIBRARY = "libc++";
				CLANG_ENABLE_MODULES = YES;
				CLANG_ENABLE_OBJC_ARC = YES;
				CLANG_ENABLE_OBJC_WEAK = YES;
				CLANG_WARN_BLOCK_CAPTURE_AUTORELEASING = YES;
				CLANG_WARN_BOOL_CONVERSION = YES;
				CLANG_WARN_COMMA = YES;
				CLANG_WARN_CONSTANT_CONVERSION = YES;
				CLANG_WARN_DEPRECATED_OBJC_IMPLEMENTATIONS = YES;
				CLANG_WARN_DIRECT_OBJC_ISA_USAGE = YES_ERROR;
				CLANG_WARN_DOCUMENTATION_COMMENTS = YES;
				CLANG_WARN_EMPTY_BODY = YES;
				CLANG_WARN_ENUM_CONVERSION = YES;
				CLANG_WARN_INFINITE_RECURSION = YES;
				CLANG_WARN_INT_CONVERSION = YES;
				CLANG_WARN_NON_LITERAL_NULL_CONVERSION = YES;
				CLANG_WARN_OBJC_IMPLICIT_RETAIN_SELF = YES;
				CLANG_WARN_OBJC_LITERAL_CONVERSION = YES;
				CLANG_WARN_OBJC_ROOT_CLASS = YES_ERROR;
				CLANG_WARN_RANGE_LOOP_ANALYSIS = YES;
				CLANG_WARN_STRICT_PROTOTYPES = YES;
				CLANG_WARN_SUSPICIOUS_MOVE = YES;
				CLANG_WARN_UNGUARDED_AVAILABILITY = YES_AGGRESSIVE;
				CLANG_WARN_UNREACHABLE_CODE = YES;
				CLANG_WARN__DUPLICATE_METHOD_MATCH = YES;
				COPY_PHASE_STRIP = NO;
				DEBUG_INFORMATION_FORMAT = dwarf;
				ENABLE_STRICT_OBJC_MSGSEND = YES;
				ENABLE_TESTABILITY = YES;
				GCC_C_LANGUAGE_STANDARD = gnu11;
				GCC_DYNAMIC_NO_PIC = NO;
				GCC_NO_COMMON_BLOCKS = YES;
				GCC_OPTIMIZATION_LEVEL = 0;
				GCC_PREPROCESSOR_DEFINITIONS = (
					"DEBUG=1",
					"$(inherited)",
				);
				GCC_WARN_64_TO_32_BIT_CONVERSION = YES;
				GCC_WARN_ABOUT_RETURN_TYPE = YES_ERROR;
				GCC_WARN_UNDECLARED_SELECTOR = YES;
				GCC_WARN_UNINITIALIZED_AUTOS = YES_AGGRESSIVE;
				GCC_WARN_UNUSED_FUNCTION = YES;
				GCC_WARN_UNUSED_VARIABLE = YES;
				IPHONEOS_DEPLOYMENT_TARGET = 13.2;
				MTL_ENABLE_DEBUG_INFO = INCLUDE_SOURCE;
				MTL_FAST_MATH = YES;
				ONLY_ACTIVE_ARCH = YES;
				SDKROOT = iphoneos;
				SWIFT_ACTIVE_COMPILATION_CONDITIONS = DEBUG;
				SWIFT_OPTIMIZATION_LEVEL = "-Onone";
			};
			name = Debug;
		};
		BEB04FCF23A29DAF007E5AF6 /* Release */ = {
			isa = XCBuildConfiguration;
			buildSettings = {
				ALWAYS_SEARCH_USER_PATHS = NO;
				CLANG_ANALYZER_NONNULL = YES;
				CLANG_ANALYZER_NUMBER_OBJECT_CONVERSION = YES_AGGRESSIVE;
				CLANG_CXX_LANGUAGE_STANDARD = "gnu++14";
				CLANG_CXX_LIBRARY = "libc++";
				CLANG_ENABLE_MODULES = YES;
				CLANG_ENABLE_OBJC_ARC = YES;
				CLANG_ENABLE_OBJC_WEAK = YES;
				CLANG_WARN_BLOCK_CAPTURE_AUTORELEASING = YES;
				CLANG_WARN_BOOL_CONVERSION = YES;
				CLANG_WARN_COMMA = YES;
				CLANG_WARN_CONSTANT_CONVERSION = YES;
				CLANG_WARN_DEPRECATED_OBJC_IMPLEMENTATIONS = YES;
				CLANG_WARN_DIRECT_OBJC_ISA_USAGE = YES_ERROR;
				CLANG_WARN_DOCUMENTATION_COMMENTS = YES;
				CLANG_WARN_EMPTY_BODY = YES;
				CLANG_WARN_ENUM_CONVERSION = YES;
				CLANG_WARN_INFINITE_RECURSION = YES;
				CLANG_WARN_INT_CONVERSION = YES;
				CLANG_WARN_NON_LITERAL_NULL_CONVERSION = YES;
				CLANG_WARN_OBJC_IMPLICIT_RETAIN_SELF = YES;
				CLANG_WARN_OBJC_LITERAL_CONVERSION = YES;
				CLANG_WARN_OBJC_ROOT_CLASS = YES_ERROR;
				CLANG_WARN_RANGE_LOOP_ANALYSIS = YES;
				CLANG_WARN_STRICT_PROTOTYPES = YES;
				CLANG_WARN_SUSPICIOUS_MOVE = YES;
				CLANG_WARN_UNGUARDED_AVAILABILITY = YES_AGGRESSIVE;
				CLANG_WARN_UNREACHABLE_CODE = YES;
				CLANG_WARN__DUPLICATE_METHOD_MATCH = YES;
				COPY_PHASE_STRIP = NO;
				DEBUG_INFORMATION_FORMAT = "dwarf-with-dsym";
				ENABLE_NS_ASSERTIONS = NO;
				ENABLE_STRICT_OBJC_MSGSEND = YES;
				GCC_C_LANGUAGE_STANDARD = gnu11;
				GCC_NO_COMMON_BLOCKS = YES;
				GCC_WARN_64_TO_32_BIT_CONVERSION = YES;
				GCC_WARN_ABOUT_RETURN_TYPE = YES_ERROR;
				GCC_WARN_UNDECLARED_SELECTOR = YES;
				GCC_WARN_UNINITIALIZED_AUTOS = YES_AGGRESSIVE;
				GCC_WARN_UNUSED_FUNCTION = YES;
				GCC_WARN_UNUSED_VARIABLE = YES;
				IPHONEOS_DEPLOYMENT_TARGET = 13.2;
				MTL_ENABLE_DEBUG_INFO = NO;
				MTL_FAST_MATH = YES;
				SDKROOT = iphoneos;
				SWIFT_COMPILATION_MODE = wholemodule;
				SWIFT_OPTIMIZATION_LEVEL = "-O";
				VALIDATE_PRODUCT = YES;
			};
			name = Release;
		};
		BEB04FD123A29DAF007E5AF6 /* Debug */ = {
			isa = XCBuildConfiguration;
			buildSettings = {
				ASSETCATALOG_COMPILER_APPICON_NAME = AppIcon;
				CODE_SIGN_STYLE = Automatic;
				DEVELOPMENT_ASSET_PATHS = "\"DynamicList/Preview Content\"";
				DEVELOPMENT_TEAM = DYWX76A76F;
				ENABLE_PREVIEWS = YES;
				INFOPLIST_FILE = DynamicList/Info.plist;
				LD_RUNPATH_SEARCH_PATHS = (
					"$(inherited)",
					"@executable_path/Frameworks",
				);
				PRODUCT_BUNDLE_IDENTIFIER = net.wilsonmunoz.DynamicList;
				PRODUCT_NAME = "$(TARGET_NAME)";
				SWIFT_VERSION = 5.0;
				TARGETED_DEVICE_FAMILY = "1,2";
			};
			name = Debug;
		};
		BEB04FD223A29DAF007E5AF6 /* Release */ = {
			isa = XCBuildConfiguration;
			buildSettings = {
				ASSETCATALOG_COMPILER_APPICON_NAME = AppIcon;
				CODE_SIGN_STYLE = Automatic;
				DEVELOPMENT_ASSET_PATHS = "\"DynamicList/Preview Content\"";
				DEVELOPMENT_TEAM = DYWX76A76F;
				ENABLE_PREVIEWS = YES;
				INFOPLIST_FILE = DynamicList/Info.plist;
				LD_RUNPATH_SEARCH_PATHS = (
					"$(inherited)",
					"@executable_path/Frameworks",
				);
				PRODUCT_BUNDLE_IDENTIFIER = net.wilsonmunoz.DynamicList;
				PRODUCT_NAME = "$(TARGET_NAME)";
				SWIFT_VERSION = 5.0;
				TARGETED_DEVICE_FAMILY = "1,2";
			};
			name = Release;
		};
/* End XCBuildConfiguration section */

/* Begin XCConfigurationList section */
		BEB04FB723A29DAA007E5AF6 /* Build configuration list for PBXProject "DynamicList" */ = {
			isa = XCConfigurationList;
			buildConfigurations = (
				BEB04FCE23A29DAF007E5AF6 /* Debug */,
				BEB04FCF23A29DAF007E5AF6 /* Release */,
			);
			defaultConfigurationIsVisible = 0;
			defaultConfigurationName = Release;
		};
		BEB04FD023A29DAF007E5AF6 /* Build configuration list for PBXNativeTarget "DynamicList" */ = {
			isa = XCConfigurationList;
			buildConfigurations = (
				BEB04FD123A29DAF007E5AF6 /* Debug */,
				BEB04FD223A29DAF007E5AF6 /* Release */,
			);
			defaultConfigurationIsVisible = 0;
			defaultConfigurationName = Release;
		};
/* End XCConfigurationList section */
	};
	rootObject = BEB04FB423A29DAA007E5AF6 /* Project object */;
}
