// !$*UTF8*$!
{
	archiveVersion = 1;
	classes = {
	};
	objectVersion = 50;
	objects = {

/* Begin PBXBuildFile section */
		BEBF5590239EB50E007380E9 /* AppDelegate.swift in Sources */ = {isa = PBXBuildFile; fileRef = BEBF558F239EB50E007380E9 /* AppDelegate.swift */; };
		BEBF5592239EB50E007380E9 /* SceneDelegate.swift in Sources */ = {isa = PBXBuildFile; fileRef = BEBF5591239EB50E007380E9 /* SceneDelegate.swift */; };
		BEBF5594239EB50E007380E9 /* ContentView.swift in Sources */ = {isa = PBXBuildFile; fileRef = BEBF5593239EB50E007380E9 /* ContentView.swift */; };
		BEBF5596239EB511007380E9 /* Assets.xcassets in Resources */ = {isa = PBXBuildFile; fileRef = BEBF5595239EB511007380E9 /* Assets.xcassets */; };
		BEBF5599239EB511007380E9 /* Preview Assets.xcassets in Resources */ = {isa = PBXBuildFile; fileRef = BEBF5598239EB511007380E9 /* Preview Assets.xcassets */; };
		BEBF559C239EB511007380E9 /* LaunchScreen.storyboard in Resources */ = {isa = PBXBuildFile; fileRef = BEBF559A239EB511007380E9 /* LaunchScreen.storyboard */; };
/* End PBXBuildFile section */

/* Begin PBXFileReference section */
		BEBF558C239EB50E007380E9 /* PathShapeLineDrawing.app */ = {isa = PBXFileReference; explicitFileType = wrapper.application; includeInIndex = 0; path = PathShapeLineDrawing.app; sourceTree = BUILT_PRODUCTS_DIR; };
		BEBF558F239EB50E007380E9 /* AppDelegate.swift */ = {isa = PBXFileReference; lastKnownFileType = sourcecode.swift; path = AppDelegate.swift; sourceTree = "<group>"; };
		BEBF5591239EB50E007380E9 /* SceneDelegate.swift */ = {isa = PBXFileReference; lastKnownFileType = sourcecode.swift; path = SceneDelegate.swift; sourceTree = "<group>"; };
		BEBF5593239EB50E007380E9 /* ContentView.swift */ = {isa = PBXFileReference; lastKnownFileType = sourcecode.swift; path = ContentView.swift; sourceTree = "<group>"; };
		BEBF5595239EB511007380E9 /* Assets.xcassets */ = {isa = PBXFileReference; lastKnownFileType = folder.assetcatalog; path = Assets.xcassets; sourceTree = "<group>"; };
		BEBF5598239EB511007380E9 /* Preview Assets.xcassets */ = {isa = PBXFileReference; lastKnownFileType = folder.assetcatalog; path = "Preview Assets.xcassets"; sourceTree = "<group>"; };
		BEBF559B239EB511007380E9 /* Base */ = {isa = PBXFileReference; lastKnownFileType = file.storyboard; name = Base; path = Base.lproj/LaunchScreen.storyboard; sourceTree = "<group>"; };
		BEBF559D239EB511007380E9 /* Info.plist */ = {isa = PBXFileReference; lastKnownFileType = text.plist.xml; path = Info.plist; sourceTree = "<group>"; };
/* End PBXFileReference section */

/* Begin PBXFrameworksBuildPhase section */
		BEBF5589239EB50E007380E9 /* Frameworks */ = {
			isa = PBXFrameworksBuildPhase;
			buildActionMask = 2147483647;
			files = (
			);
			runOnlyForDeploymentPostprocessing = 0;
		};
/* End PBXFrameworksBuildPhase section */

/* Begin PBXGroup section */
		BEBF5583239EB50E007380E9 = {
			isa = PBXGroup;
			children = (
				BEBF558E239EB50E007380E9 /* PathShapeLineDrawing */,
				BEBF558D239EB50E007380E9 /* Products */,
			);
			sourceTree = "<group>";
		};
		BEBF558D239EB50E007380E9 /* Products */ = {
			isa = PBXGroup;
			children = (
				BEBF558C239EB50E007380E9 /* PathShapeLineDrawing.app */,
			);
			name = Products;
			sourceTree = "<group>";
		};
		BEBF558E239EB50E007380E9 /* PathShapeLineDrawing */ = {
			isa = PBXGroup;
			children = (
				BEBF558F239EB50E007380E9 /* AppDelegate.swift */,
				BEBF5591239EB50E007380E9 /* SceneDelegate.swift */,
				BEBF5593239EB50E007380E9 /* ContentView.swift */,
				BEBF5595239EB511007380E9 /* Assets.xcassets */,
				BEBF559A239EB511007380E9 /* LaunchScreen.storyboard */,
				BEBF559D239EB511007380E9 /* Info.plist */,
				BEBF5597239EB511007380E9 /* Preview Content */,
			);
			path = PathShapeLineDrawing;
			sourceTree = "<group>";
		};
		BEBF5597239EB511007380E9 /* Preview Content */ = {
			isa = PBXGroup;
			children = (
				BEBF5598239EB511007380E9 /* Preview Assets.xcassets */,
			);
			path = "Preview Content";
			sourceTree = "<group>";
		};
/* End PBXGroup section */

/* Begin PBXNativeTarget section */
		BEBF558B239EB50E007380E9 /* PathShapeLineDrawing */ = {
			isa = PBXNativeTarget;
			buildConfigurationList = BEBF55A0239EB511007380E9 /* Build configuration list for PBXNativeTarget "PathShapeLineDrawing" */;
			buildPhases = (
				BEBF5588239EB50E007380E9 /* Sources */,
				BEBF5589239EB50E007380E9 /* Frameworks */,
				BEBF558A239EB50E007380E9 /* Resources */,
			);
			buildRules = (
			);
			dependencies = (
			);
			name = PathShapeLineDrawing;
			productName = PathShapeLineDrawing;
			productReference = BEBF558C239EB50E007380E9 /* PathShapeLineDrawing.app */;
			productType = "com.apple.product-type.application";
		};
/* End PBXNativeTarget section */

/* Begin PBXProject section */
		BEBF5584239EB50E007380E9 /* Project object */ = {
			isa = PBXProject;
			attributes = {
				LastSwiftUpdateCheck = 1120;
				LastUpgradeCheck = 1120;
				ORGANIZATIONNAME = "Wilson Munoz";
				TargetAttributes = {
					BEBF558B239EB50E007380E9 = {
						CreatedOnToolsVersion = 11.2.1;
					};
				};
			};
			buildConfigurationList = BEBF5587239EB50E007380E9 /* Build configuration list for PBXProject "PathShapeLineDrawing" */;
			compatibilityVersion = "Xcode 9.3";
			developmentRegion = en;
			hasScannedForEncodings = 0;
			knownRegions = (
				en,
				Base,
			);
			mainGroup = BEBF5583239EB50E007380E9;
			productRefGroup = BEBF558D239EB50E007380E9 /* Products */;
			projectDirPath = "";
			projectRoot = "";
			targets = (
				BEBF558B239EB50E007380E9 /* PathShapeLineDrawing */,
			);
		};
/* End PBXProject section */

/* Begin PBXResourcesBuildPhase section */
		BEBF558A239EB50E007380E9 /* Resources */ = {
			isa = PBXResourcesBuildPhase;
			buildActionMask = 2147483647;
			files = (
				BEBF559C239EB511007380E9 /* LaunchScreen.storyboard in Resources */,
				BEBF5599239EB511007380E9 /* Preview Assets.xcassets in Resources */,
				BEBF5596239EB511007380E9 /* Assets.xcassets in Resources */,
			);
			runOnlyForDeploymentPostprocessing = 0;
		};
/* End PBXResourcesBuildPhase section */

/* Begin PBXSourcesBuildPhase section */
		BEBF5588239EB50E007380E9 /* Sources */ = {
			isa = PBXSourcesBuildPhase;
			buildActionMask = 2147483647;
			files = (
				BEBF5590239EB50E007380E9 /* AppDelegate.swift in Sources */,
				BEBF5592239EB50E007380E9 /* SceneDelegate.swift in Sources */,
				BEBF5594239EB50E007380E9 /* ContentView.swift in Sources */,
			);
			runOnlyForDeploymentPostprocessing = 0;
		};
/* End PBXSourcesBuildPhase section */

/* Begin PBXVariantGroup section */
		BEBF559A239EB511007380E9 /* LaunchScreen.storyboard */ = {
			isa = PBXVariantGroup;
			children = (
				BEBF559B239EB511007380E9 /* Base */,
			);
			name = LaunchScreen.storyboard;
			sourceTree = "<group>";
		};
/* End PBXVariantGroup section */

/* Begin XCBuildConfiguration section */
		BEBF559E239EB511007380E9 /* Debug */ = {
			isa = XCBuildConfiguration;
			buildSettings = {
				ALWAYS_SEARCH_USER_PATHS = NO;
				CLANG_ANALYZER_NONNULL = YES;
				CLANG_ANALYZER_NUMBER_OBJECT_CONVERSION = YES_AGGRESSIVE;
				CLANG_CXX_LANGUAGE_STANDARD = "gnu++14";
				CLANG_CXX_LIBRARY = "libc++";
				CLANG_ENABLE_MODULES = YES;
				CLANG_ENABLE_OBJC_ARC = YES;
				CLANG_ENABLE_OBJC_WEAK = YES;
				CLANG_WARN_BLOCK_CAPTURE_AUTORELEASING = YES;
				CLANG_WARN_BOOL_CONVERSION = YES;
				CLANG_WARN_COMMA = YES;
				CLANG_WARN_CONSTANT_CONVERSION = YES;
				CLANG_WARN_DEPRECATED_OBJC_IMPLEMENTATIONS = YES;
				CLANG_WARN_DIRECT_OBJC_ISA_USAGE = YES_ERROR;
				CLANG_WARN_DOCUMENTATION_COMMENTS = YES;
				CLANG_WARN_EMPTY_BODY = YES;
				CLANG_WARN_ENUM_CONVERSION = YES;
				CLANG_WARN_INFINITE_RECURSION = YES;
				CLANG_WARN_INT_CONVERSION = YES;
				CLANG_WARN_NON_LITERAL_NULL_CONVERSION = YES;
				CLANG_WARN_OBJC_IMPLICIT_RETAIN_SELF = YES;
				CLANG_WARN_OBJC_LITERAL_CONVERSION = YES;
				CLANG_WARN_OBJC_ROOT_CLASS = YES_ERROR;
				CLANG_WARN_RANGE_LOOP_ANALYSIS = YES;
				CLANG_WARN_STRICT_PROTOTYPES = YES;
				CLANG_WARN_SUSPICIOUS_MOVE = YES;
				CLANG_WARN_UNGUARDED_AVAILABILITY = YES_AGGRESSIVE;
				CLANG_WARN_UNREACHABLE_CODE = YES;
				CLANG_WARN__DUPLICATE_METHOD_MATCH = YES;
				COPY_PHASE_STRIP = NO;
				DEBUG_INFORMATION_FORMAT = dwarf;
				ENABLE_STRICT_OBJC_MSGSEND = YES;
				ENABLE_TESTABILITY = YES;
				GCC_C_LANGUAGE_STANDARD = gnu11;
				GCC_DYNAMIC_NO_PIC = NO;
				GCC_NO_COMMON_BLOCKS = YES;
				GCC_OPTIMIZATION_LEVEL = 0;
				GCC_PREPROCESSOR_DEFINITIONS = (
					"DEBUG=1",
					"$(inherited)",
				);
				GCC_WARN_64_TO_32_BIT_CONVERSION = YES;
				GCC_WARN_ABOUT_RETURN_TYPE = YES_ERROR;
				GCC_WARN_UNDECLARED_SELECTOR = YES;
				GCC_WARN_UNINITIALIZED_AUTOS = YES_AGGRESSIVE;
				GCC_WARN_UNUSED_FUNCTION = YES;
				GCC_WARN_UNUSED_VARIABLE = YES;
				IPHONEOS_DEPLOYMENT_TARGET = 13.2;
				MTL_ENABLE_DEBUG_INFO = INCLUDE_SOURCE;
				MTL_FAST_MATH = YES;
				ONLY_ACTIVE_ARCH = YES;
				SDKROOT = iphoneos;
				SWIFT_ACTIVE_COMPILATION_CONDITIONS = DEBUG;
				SWIFT_OPTIMIZATION_LEVEL = "-Onone";
			};
			name = Debug;
		};
		BEBF559F239EB511007380E9 /* Release */ = {
			isa = XCBuildConfiguration;
			buildSettings = {
				ALWAYS_SEARCH_USER_PATHS = NO;
				CLANG_ANALYZER_NONNULL = YES;
				CLANG_ANALYZER_NUMBER_OBJECT_CONVERSION = YES_AGGRESSIVE;
				CLANG_CXX_LANGUAGE_STANDARD = "gnu++14";
				CLANG_CXX_LIBRARY = "libc++";
				CLANG_ENABLE_MODULES = YES;
				CLANG_ENABLE_OBJC_ARC = YES;
				CLANG_ENABLE_OBJC_WEAK = YES;
				CLANG_WARN_BLOCK_CAPTURE_AUTORELEASING = YES;
				CLANG_WARN_BOOL_CONVERSION = YES;
				CLANG_WARN_COMMA = YES;
				CLANG_WARN_CONSTANT_CONVERSION = YES;
				CLANG_WARN_DEPRECATED_OBJC_IMPLEMENTATIONS = YES;
				CLANG_WARN_DIRECT_OBJC_ISA_USAGE = YES_ERROR;
				CLANG_WARN_DOCUMENTATION_COMMENTS = YES;
				CLANG_WARN_EMPTY_BODY = YES;
				CLANG_WARN_ENUM_CONVERSION = YES;
				CLANG_WARN_INFINITE_RECURSION = YES;
				CLANG_WARN_INT_CONVERSION = YES;
				CLANG_WARN_NON_LITERAL_NULL_CONVERSION = YES;
				CLANG_WARN_OBJC_IMPLICIT_RETAIN_SELF = YES;
				CLANG_WARN_OBJC_LITERAL_CONVERSION = YES;
				CLANG_WARN_OBJC_ROOT_CLASS = YES_ERROR;
				CLANG_WARN_RANGE_LOOP_ANALYSIS = YES;
				CLANG_WARN_STRICT_PROTOTYPES = YES;
				CLANG_WARN_SUSPICIOUS_MOVE = YES;
				CLANG_WARN_UNGUARDED_AVAILABILITY = YES_AGGRESSIVE;
				CLANG_WARN_UNREACHABLE_CODE = YES;
				CLANG_WARN__DUPLICATE_METHOD_MATCH = YES;
				COPY_PHASE_STRIP = NO;
				DEBUG_INFORMATION_FORMAT = "dwarf-with-dsym";
				ENABLE_NS_ASSERTIONS = NO;
				ENABLE_STRICT_OBJC_MSGSEND = YES;
				GCC_C_LANGUAGE_STANDARD = gnu11;
				GCC_NO_COMMON_BLOCKS = YES;
				GCC_WARN_64_TO_32_BIT_CONVERSION = YES;
				GCC_WARN_ABOUT_RETURN_TYPE = YES_ERROR;
				GCC_WARN_UNDECLARED_SELECTOR = YES;
				GCC_WARN_UNINITIALIZED_AUTOS = YES_AGGRESSIVE;
				GCC_WARN_UNUSED_FUNCTION = YES;
				GCC_WARN_UNUSED_VARIABLE = YES;
				IPHONEOS_DEPLOYMENT_TARGET = 13.2;
				MTL_ENABLE_DEBUG_INFO = NO;
				MTL_FAST_MATH = YES;
				SDKROOT = iphoneos;
				SWIFT_COMPILATION_MODE = wholemodule;
				SWIFT_OPTIMIZATION_LEVEL = "-O";
				VALIDATE_PRODUCT = YES;
			};
			name = Release;
		};
		BEBF55A1239EB511007380E9 /* Debug */ = {
			isa = XCBuildConfiguration;
			buildSettings = {
				ASSETCATALOG_COMPILER_APPICON_NAME = AppIcon;
				CODE_SIGN_STYLE = Automatic;
				DEVELOPMENT_ASSET_PATHS = "\"PathShapeLineDrawing/Preview Content\"";
				DEVELOPMENT_TEAM = DYWX76A76F;
				ENABLE_PREVIEWS = YES;
				INFOPLIST_FILE = PathShapeLineDrawing/Info.plist;
				LD_RUNPATH_SEARCH_PATHS = (
					"$(inherited)",
					"@executable_path/Frameworks",
				);
				PRODUCT_BUNDLE_IDENTIFIER = net.wilsonmunoz.PathShapeLineDrawing;
				PRODUCT_NAME = "$(TARGET_NAME)";
				SWIFT_VERSION = 5.0;
				TARGETED_DEVICE_FAMILY = "1,2";
			};
			name = Debug;
		};
		BEBF55A2239EB511007380E9 /* Release */ = {
			isa = XCBuildConfiguration;
			buildSettings = {
				ASSETCATALOG_COMPILER_APPICON_NAME = AppIcon;
				CODE_SIGN_STYLE = Automatic;
				DEVELOPMENT_ASSET_PATHS = "\"PathShapeLineDrawing/Preview Content\"";
				DEVELOPMENT_TEAM = DYWX76A76F;
				ENABLE_PREVIEWS = YES;
				INFOPLIST_FILE = PathShapeLineDrawing/Info.plist;
				LD_RUNPATH_SEARCH_PATHS = (
					"$(inherited)",
					"@executable_path/Frameworks",
				);
				PRODUCT_BUNDLE_IDENTIFIER = net.wilsonmunoz.PathShapeLineDrawing;
				PRODUCT_NAME = "$(TARGET_NAME)";
				SWIFT_VERSION = 5.0;
				TARGETED_DEVICE_FAMILY = "1,2";
			};
			name = Release;
		};
/* End XCBuildConfiguration section */

/* Begin XCConfigurationList section */
		BEBF5587239EB50E007380E9 /* Build configuration list for PBXProject "PathShapeLineDrawing" */ = {
			isa = XCConfigurationList;
			buildConfigurations = (
				BEBF559E239EB511007380E9 /* Debug */,
				BEBF559F239EB511007380E9 /* Release */,
			);
			defaultConfigurationIsVisible = 0;
			defaultConfigurationName = Release;
		};
		BEBF55A0239EB511007380E9 /* Build configuration list for PBXNativeTarget "PathShapeLineDrawing" */ = {
			isa = XCConfigurationList;
			buildConfigurations = (
				BEBF55A1239EB511007380E9 /* Debug */,
				BEBF55A2239EB511007380E9 /* Release */,
			);
			defaultConfigurationIsVisible = 0;
			defaultConfigurationName = Release;
		};
/* End XCConfigurationList section */
	};
	rootObject = BEBF5584239EB50E007380E9 /* Project object */;
}
