// !$*UTF8*$!
{
	archiveVersion = 1;
	classes = {
	};
	objectVersion = 50;
	objects = {

/* Begin PBXBuildFile section */
		BEC2235D239ABBA30023A3D7 /* AppDelegate.swift in Sources */ = {isa = PBXBuildFile; fileRef = BEC2235C239ABBA30023A3D7 /* AppDelegate.swift */; };
		BEC2235F239ABBA30023A3D7 /* SceneDelegate.swift in Sources */ = {isa = PBXBuildFile; fileRef = BEC2235E239ABBA30023A3D7 /* SceneDelegate.swift */; };
		BEC22361239ABBA30023A3D7 /* ContentView.swift in Sources */ = {isa = PBXBuildFile; fileRef = BEC22360239ABBA30023A3D7 /* ContentView.swift */; };
		BEC22363239ABBA60023A3D7 /* Assets.xcassets in Resources */ = {isa = PBXBuildFile; fileRef = BEC22362239ABBA60023A3D7 /* Assets.xcassets */; };
		BEC22366239ABBA60023A3D7 /* Preview Assets.xcassets in Resources */ = {isa = PBXBuildFile; fileRef = BEC22365239ABBA60023A3D7 /* Preview Assets.xcassets */; };
		BEC22369239ABBA60023A3D7 /* LaunchScreen.storyboard in Resources */ = {isa = PBXBuildFile; fileRef = BEC22367239ABBA60023A3D7 /* LaunchScreen.storyboard */; };
		BEC22371239ABC2D0023A3D7 /* CardView.swift in Sources */ = {isa = PBXBuildFile; fileRef = BEC22370239ABC2D0023A3D7 /* CardView.swift */; };
/* End PBXBuildFile section */

/* Begin PBXFileReference section */
		BEC22359239ABBA30023A3D7 /* ScrollViewAndCarousel.app */ = {isa = PBXFileReference; explicitFileType = wrapper.application; includeInIndex = 0; path = ScrollViewAndCarousel.app; sourceTree = BUILT_PRODUCTS_DIR; };
		BEC2235C239ABBA30023A3D7 /* AppDelegate.swift */ = {isa = PBXFileReference; lastKnownFileType = sourcecode.swift; path = AppDelegate.swift; sourceTree = "<group>"; };
		BEC2235E239ABBA30023A3D7 /* SceneDelegate.swift */ = {isa = PBXFileReference; lastKnownFileType = sourcecode.swift; path = SceneDelegate.swift; sourceTree = "<group>"; };
		BEC22360239ABBA30023A3D7 /* ContentView.swift */ = {isa = PBXFileReference; lastKnownFileType = sourcecode.swift; path = ContentView.swift; sourceTree = "<group>"; };
		BEC22362239ABBA60023A3D7 /* Assets.xcassets */ = {isa = PBXFileReference; lastKnownFileType = folder.assetcatalog; path = Assets.xcassets; sourceTree = "<group>"; };
		BEC22365239ABBA60023A3D7 /* Preview Assets.xcassets */ = {isa = PBXFileReference; lastKnownFileType = folder.assetcatalog; path = "Preview Assets.xcassets"; sourceTree = "<group>"; };
		BEC22368239ABBA60023A3D7 /* Base */ = {isa = PBXFileReference; lastKnownFileType = file.storyboard; name = Base; path = Base.lproj/LaunchScreen.storyboard; sourceTree = "<group>"; };
		BEC2236A239ABBA60023A3D7 /* Info.plist */ = {isa = PBXFileReference; lastKnownFileType = text.plist.xml; path = Info.plist; sourceTree = "<group>"; };
		BEC22370239ABC2D0023A3D7 /* CardView.swift */ = {isa = PBXFileReference; lastKnownFileType = sourcecode.swift; path = CardView.swift; sourceTree = "<group>"; };
/* End PBXFileReference section */

/* Begin PBXFrameworksBuildPhase section */
		BEC22356239ABBA30023A3D7 /* Frameworks */ = {
			isa = PBXFrameworksBuildPhase;
			buildActionMask = 2147483647;
			files = (
			);
			runOnlyForDeploymentPostprocessing = 0;
		};
/* End PBXFrameworksBuildPhase section */

/* Begin PBXGroup section */
		BEC22350239ABBA30023A3D7 = {
			isa = PBXGroup;
			children = (
				BEC2235B239ABBA30023A3D7 /* ScrollViewAndCarousel */,
				BEC2235A239ABBA30023A3D7 /* Products */,
			);
			sourceTree = "<group>";
		};
		BEC2235A239ABBA30023A3D7 /* Products */ = {
			isa = PBXGroup;
			children = (
				BEC22359239ABBA30023A3D7 /* ScrollViewAndCarousel.app */,
			);
			name = Products;
			sourceTree = "<group>";
		};
		BEC2235B239ABBA30023A3D7 /* ScrollViewAndCarousel */ = {
			isa = PBXGroup;
			children = (
				BEC2235C239ABBA30023A3D7 /* AppDelegate.swift */,
				BEC2235E239ABBA30023A3D7 /* SceneDelegate.swift */,
				BEC22360239ABBA30023A3D7 /* ContentView.swift */,
				BEC22362239ABBA60023A3D7 /* Assets.xcassets */,
				BEC22367239ABBA60023A3D7 /* LaunchScreen.storyboard */,
				BEC2236A239ABBA60023A3D7 /* Info.plist */,
				BEC22364239ABBA60023A3D7 /* Preview Content */,
				BEC22370239ABC2D0023A3D7 /* CardView.swift */,
			);
			path = ScrollViewAndCarousel;
			sourceTree = "<group>";
		};
		BEC22364239ABBA60023A3D7 /* Preview Content */ = {
			isa = PBXGroup;
			children = (
				BEC22365239ABBA60023A3D7 /* Preview Assets.xcassets */,
			);
			path = "Preview Content";
			sourceTree = "<group>";
		};
/* End PBXGroup section */

/* Begin PBXNativeTarget section */
		BEC22358239ABBA30023A3D7 /* ScrollViewAndCarousel */ = {
			isa = PBXNativeTarget;
			buildConfigurationList = BEC2236D239ABBA60023A3D7 /* Build configuration list for PBXNativeTarget "ScrollViewAndCarousel" */;
			buildPhases = (
				BEC22355239ABBA30023A3D7 /* Sources */,
				BEC22356239ABBA30023A3D7 /* Frameworks */,
				BEC22357239ABBA30023A3D7 /* Resources */,
			);
			buildRules = (
			);
			dependencies = (
			);
			name = ScrollViewAndCarousel;
			productName = ScrollViewAndCarousel;
			productReference = BEC22359239ABBA30023A3D7 /* ScrollViewAndCarousel.app */;
			productType = "com.apple.product-type.application";
		};
/* End PBXNativeTarget section */

/* Begin PBXProject section */
		BEC22351239ABBA30023A3D7 /* Project object */ = {
			isa = PBXProject;
			attributes = {
				LastSwiftUpdateCheck = 1120;
				LastUpgradeCheck = 1120;
				ORGANIZATIONNAME = "Wilson Munoz";
				TargetAttributes = {
					BEC22358239ABBA30023A3D7 = {
						CreatedOnToolsVersion = 11.2.1;
					};
				};
			};
			buildConfigurationList = BEC22354239ABBA30023A3D7 /* Build configuration list for PBXProject "ScrollViewAndCarousel" */;
			compatibilityVersion = "Xcode 9.3";
			developmentRegion = en;
			hasScannedForEncodings = 0;
			knownRegions = (
				en,
				Base,
			);
			mainGroup = BEC22350239ABBA30023A3D7;
			productRefGroup = BEC2235A239ABBA30023A3D7 /* Products */;
			projectDirPath = "";
			projectRoot = "";
			targets = (
				BEC22358239ABBA30023A3D7 /* ScrollViewAndCarousel */,
			);
		};
/* End PBXProject section */

/* Begin PBXResourcesBuildPhase section */
		BEC22357239ABBA30023A3D7 /* Resources */ = {
			isa = PBXResourcesBuildPhase;
			buildActionMask = 2147483647;
			files = (
				BEC22369239ABBA60023A3D7 /* LaunchScreen.storyboard in Resources */,
				BEC22366239ABBA60023A3D7 /* Preview Assets.xcassets in Resources */,
				BEC22363239ABBA60023A3D7 /* Assets.xcassets in Resources */,
			);
			runOnlyForDeploymentPostprocessing = 0;
		};
/* End PBXResourcesBuildPhase section */

/* Begin PBXSourcesBuildPhase section */
		BEC22355239ABBA30023A3D7 /* Sources */ = {
			isa = PBXSourcesBuildPhase;
			buildActionMask = 2147483647;
			files = (
				BEC2235D239ABBA30023A3D7 /* AppDelegate.swift in Sources */,
				BEC2235F239ABBA30023A3D7 /* SceneDelegate.swift in Sources */,
				BEC22371239ABC2D0023A3D7 /* CardView.swift in Sources */,
				BEC22361239ABBA30023A3D7 /* ContentView.swift in Sources */,
			);
			runOnlyForDeploymentPostprocessing = 0;
		};
/* End PBXSourcesBuildPhase section */

/* Begin PBXVariantGroup section */
		BEC22367239ABBA60023A3D7 /* LaunchScreen.storyboard */ = {
			isa = PBXVariantGroup;
			children = (
				BEC22368239ABBA60023A3D7 /* Base */,
			);
			name = LaunchScreen.storyboard;
			sourceTree = "<group>";
		};
/* End PBXVariantGroup section */

/* Begin XCBuildConfiguration section */
		BEC2236B239ABBA60023A3D7 /* Debug */ = {
			isa = XCBuildConfiguration;
			buildSettings = {
				ALWAYS_SEARCH_USER_PATHS = NO;
				CLANG_ANALYZER_NONNULL = YES;
				CLANG_ANALYZER_NUMBER_OBJECT_CONVERSION = YES_AGGRESSIVE;
				CLANG_CXX_LANGUAGE_STANDARD = "gnu++14";
				CLANG_CXX_LIBRARY = "libc++";
				CLANG_ENABLE_MODULES = YES;
				CLANG_ENABLE_OBJC_ARC = YES;
				CLANG_ENABLE_OBJC_WEAK = YES;
				CLANG_WARN_BLOCK_CAPTURE_AUTORELEASING = YES;
				CLANG_WARN_BOOL_CONVERSION = YES;
				CLANG_WARN_COMMA = YES;
				CLANG_WARN_CONSTANT_CONVERSION = YES;
				CLANG_WARN_DEPRECATED_OBJC_IMPLEMENTATIONS = YES;
				CLANG_WARN_DIRECT_OBJC_ISA_USAGE = YES_ERROR;
				CLANG_WARN_DOCUMENTATION_COMMENTS = YES;
				CLANG_WARN_EMPTY_BODY = YES;
				CLANG_WARN_ENUM_CONVERSION = YES;
				CLANG_WARN_INFINITE_RECURSION = YES;
				CLANG_WARN_INT_CONVERSION = YES;
				CLANG_WARN_NON_LITERAL_NULL_CONVERSION = YES;
				CLANG_WARN_OBJC_IMPLICIT_RETAIN_SELF = YES;
				CLANG_WARN_OBJC_LITERAL_CONVERSION = YES;
				CLANG_WARN_OBJC_ROOT_CLASS = YES_ERROR;
				CLANG_WARN_RANGE_LOOP_ANALYSIS = YES;
				CLANG_WARN_STRICT_PROTOTYPES = YES;
				CLANG_WARN_SUSPICIOUS_MOVE = YES;
				CLANG_WARN_UNGUARDED_AVAILABILITY = YES_AGGRESSIVE;
				CLANG_WARN_UNREACHABLE_CODE = YES;
				CLANG_WARN__DUPLICATE_METHOD_MATCH = YES;
				COPY_PHASE_STRIP = NO;
				DEBUG_INFORMATION_FORMAT = dwarf;
				ENABLE_STRICT_OBJC_MSGSEND = YES;
				ENABLE_TESTABILITY = YES;
				GCC_C_LANGUAGE_STANDARD = gnu11;
				GCC_DYNAMIC_NO_PIC = NO;
				GCC_NO_COMMON_BLOCKS = YES;
				GCC_OPTIMIZATION_LEVEL = 0;
				GCC_PREPROCESSOR_DEFINITIONS = (
					"DEBUG=1",
					"$(inherited)",
				);
				GCC_WARN_64_TO_32_BIT_CONVERSION = YES;
				GCC_WARN_ABOUT_RETURN_TYPE = YES_ERROR;
				GCC_WARN_UNDECLARED_SELECTOR = YES;
				GCC_WARN_UNINITIALIZED_AUTOS = YES_AGGRESSIVE;
				GCC_WARN_UNUSED_FUNCTION = YES;
				GCC_WARN_UNUSED_VARIABLE = YES;
				IPHONEOS_DEPLOYMENT_TARGET = 13.2;
				MTL_ENABLE_DEBUG_INFO = INCLUDE_SOURCE;
				MTL_FAST_MATH = YES;
				ONLY_ACTIVE_ARCH = YES;
				SDKROOT = iphoneos;
				SWIFT_ACTIVE_COMPILATION_CONDITIONS = DEBUG;
				SWIFT_OPTIMIZATION_LEVEL = "-Onone";
			};
			name = Debug;
		};
		BEC2236C239ABBA60023A3D7 /* Release */ = {
			isa = XCBuildConfiguration;
			buildSettings = {
				ALWAYS_SEARCH_USER_PATHS = NO;
				CLANG_ANALYZER_NONNULL = YES;
				CLANG_ANALYZER_NUMBER_OBJECT_CONVERSION = YES_AGGRESSIVE;
				CLANG_CXX_LANGUAGE_STANDARD = "gnu++14";
				CLANG_CXX_LIBRARY = "libc++";
				CLANG_ENABLE_MODULES = YES;
				CLANG_ENABLE_OBJC_ARC = YES;
				CLANG_ENABLE_OBJC_WEAK = YES;
				CLANG_WARN_BLOCK_CAPTURE_AUTORELEASING = YES;
				CLANG_WARN_BOOL_CONVERSION = YES;
				CLANG_WARN_COMMA = YES;
				CLANG_WARN_CONSTANT_CONVERSION = YES;
				CLANG_WARN_DEPRECATED_OBJC_IMPLEMENTATIONS = YES;
				CLANG_WARN_DIRECT_OBJC_ISA_USAGE = YES_ERROR;
				CLANG_WARN_DOCUMENTATION_COMMENTS = YES;
				CLANG_WARN_EMPTY_BODY = YES;
				CLANG_WARN_ENUM_CONVERSION = YES;
				CLANG_WARN_INFINITE_RECURSION = YES;
				CLANG_WARN_INT_CONVERSION = YES;
				CLANG_WARN_NON_LITERAL_NULL_CONVERSION = YES;
				CLANG_WARN_OBJC_IMPLICIT_RETAIN_SELF = YES;
				CLANG_WARN_OBJC_LITERAL_CONVERSION = YES;
				CLANG_WARN_OBJC_ROOT_CLASS = YES_ERROR;
				CLANG_WARN_RANGE_LOOP_ANALYSIS = YES;
				CLANG_WARN_STRICT_PROTOTYPES = YES;
				CLANG_WARN_SUSPICIOUS_MOVE = YES;
				CLANG_WARN_UNGUARDED_AVAILABILITY = YES_AGGRESSIVE;
				CLANG_WARN_UNREACHABLE_CODE = YES;
				CLANG_WARN__DUPLICATE_METHOD_MATCH = YES;
				COPY_PHASE_STRIP = NO;
				DEBUG_INFORMATION_FORMAT = "dwarf-with-dsym";
				ENABLE_NS_ASSERTIONS = NO;
				ENABLE_STRICT_OBJC_MSGSEND = YES;
				GCC_C_LANGUAGE_STANDARD = gnu11;
				GCC_NO_COMMON_BLOCKS = YES;
				GCC_WARN_64_TO_32_BIT_CONVERSION = YES;
				GCC_WARN_ABOUT_RETURN_TYPE = YES_ERROR;
				GCC_WARN_UNDECLARED_SELECTOR = YES;
				GCC_WARN_UNINITIALIZED_AUTOS = YES_AGGRESSIVE;
				GCC_WARN_UNUSED_FUNCTION = YES;
				GCC_WARN_UNUSED_VARIABLE = YES;
				IPHONEOS_DEPLOYMENT_TARGET = 13.2;
				MTL_ENABLE_DEBUG_INFO = NO;
				MTL_FAST_MATH = YES;
				SDKROOT = iphoneos;
				SWIFT_COMPILATION_MODE = wholemodule;
				SWIFT_OPTIMIZATION_LEVEL = "-O";
				VALIDATE_PRODUCT = YES;
			};
			name = Release;
		};
		BEC2236E239ABBA60023A3D7 /* Debug */ = {
			isa = XCBuildConfiguration;
			buildSettings = {
				ASSETCATALOG_COMPILER_APPICON_NAME = AppIcon;
				CODE_SIGN_STYLE = Automatic;
				DEVELOPMENT_ASSET_PATHS = "\"ScrollViewAndCarousel/Preview Content\"";
				DEVELOPMENT_TEAM = DYWX76A76F;
				ENABLE_PREVIEWS = YES;
				INFOPLIST_FILE = ScrollViewAndCarousel/Info.plist;
				LD_RUNPATH_SEARCH_PATHS = (
					"$(inherited)",
					"@executable_path/Frameworks",
				);
				PRODUCT_BUNDLE_IDENTIFIER = net.wilsonmunoz.ScrollViewAndCarousel;
				PRODUCT_NAME = "$(TARGET_NAME)";
				SWIFT_VERSION = 5.0;
				TARGETED_DEVICE_FAMILY = "1,2";
			};
			name = Debug;
		};
		BEC2236F239ABBA60023A3D7 /* Release */ = {
			isa = XCBuildConfiguration;
			buildSettings = {
				ASSETCATALOG_COMPILER_APPICON_NAME = AppIcon;
				CODE_SIGN_STYLE = Automatic;
				DEVELOPMENT_ASSET_PATHS = "\"ScrollViewAndCarousel/Preview Content\"";
				DEVELOPMENT_TEAM = DYWX76A76F;
				ENABLE_PREVIEWS = YES;
				INFOPLIST_FILE = ScrollViewAndCarousel/Info.plist;
				LD_RUNPATH_SEARCH_PATHS = (
					"$(inherited)",
					"@executable_path/Frameworks",
				);
				PRODUCT_BUNDLE_IDENTIFIER = net.wilsonmunoz.ScrollViewAndCarousel;
				PRODUCT_NAME = "$(TARGET_NAME)";
				SWIFT_VERSION = 5.0;
				TARGETED_DEVICE_FAMILY = "1,2";
			};
			name = Release;
		};
/* End XCBuildConfiguration section */

/* Begin XCConfigurationList section */
		BEC22354239ABBA30023A3D7 /* Build configuration list for PBXProject "ScrollViewAndCarousel" */ = {
			isa = XCConfigurationList;
			buildConfigurations = (
				BEC2236B239ABBA60023A3D7 /* Debug */,
				BEC2236C239ABBA60023A3D7 /* Release */,
			);
			defaultConfigurationIsVisible = 0;
			defaultConfigurationName = Release;
		};
		BEC2236D239ABBA60023A3D7 /* Build configuration list for PBXNativeTarget "ScrollViewAndCarousel" */ = {
			isa = XCConfigurationList;
			buildConfigurations = (
				BEC2236E239ABBA60023A3D7 /* Debug */,
				BEC2236F239ABBA60023A3D7 /* Release */,
			);
			defaultConfigurationIsVisible = 0;
			defaultConfigurationName = Release;
		};
/* End XCConfigurationList section */
	};
	rootObject = BEC22351239ABBA30023A3D7 /* Project object */;
}
