// !$*UTF8*$!
{
	archiveVersion = 1;
	classes = {
	};
	objectVersion = 50;
	objects = {

/* Begin PBXBuildFile section */
		BE9BB4BF22FC754D00D1A3E3 /* AppDelegate.swift in Sources */ = {isa = PBXBuildFile; fileRef = BE9BB4BE22FC754D00D1A3E3 /* AppDelegate.swift */; };
		BE9BB4C122FC754D00D1A3E3 /* SceneDelegate.swift in Sources */ = {isa = PBXBuildFile; fileRef = BE9BB4C022FC754D00D1A3E3 /* SceneDelegate.swift */; };
		BE9BB4C322FC754D00D1A3E3 /* ContentView.swift in Sources */ = {isa = PBXBuildFile; fileRef = BE9BB4C222FC754D00D1A3E3 /* ContentView.swift */; };
		BE9BB4C522FC756800D1A3E3 /* Assets.xcassets in Resources */ = {isa = PBXBuildFile; fileRef = BE9BB4C422FC756800D1A3E3 /* Assets.xcassets */; };
		BE9BB4C822FC756800D1A3E3 /* Preview Assets.xcassets in Resources */ = {isa = PBXBuildFile; fileRef = BE9BB4C722FC756800D1A3E3 /* Preview Assets.xcassets */; };
		BE9BB4CB22FC756800D1A3E3 /* LaunchScreen.storyboard in Resources */ = {isa = PBXBuildFile; fileRef = BE9BB4C922FC756800D1A3E3 /* LaunchScreen.storyboard */; };
		BE9BB4D622FC756800D1A3E3 /* ListsAndFormsTests.swift in Sources */ = {isa = PBXBuildFile; fileRef = BE9BB4D522FC756800D1A3E3 /* ListsAndFormsTests.swift */; };
		BE9BB4E122FC756800D1A3E3 /* ListsAndFormsUITests.swift in Sources */ = {isa = PBXBuildFile; fileRef = BE9BB4E022FC756800D1A3E3 /* ListsAndFormsUITests.swift */; };
/* End PBXBuildFile section */

/* Begin PBXContainerItemProxy section */
		BE9BB4D222FC756800D1A3E3 /* PBXContainerItemProxy */ = {
			isa = PBXContainerItemProxy;
			containerPortal = BE9BB4B322FC754800D1A3E3 /* Project object */;
			proxyType = 1;
			remoteGlobalIDString = BE9BB4BA22FC754A00D1A3E3;
			remoteInfo = ListsAndForms;
		};
		BE9BB4DD22FC756800D1A3E3 /* PBXContainerItemProxy */ = {
			isa = PBXContainerItemProxy;
			containerPortal = BE9BB4B322FC754800D1A3E3 /* Project object */;
			proxyType = 1;
			remoteGlobalIDString = BE9BB4BA22FC754A00D1A3E3;
			remoteInfo = ListsAndForms;
		};
/* End PBXContainerItemProxy section */

/* Begin PBXFileReference section */
		BE9BB4BB22FC754D00D1A3E3 /* ListsAndForms.app */ = {isa = PBXFileReference; explicitFileType = wrapper.application; includeInIndex = 0; path = ListsAndForms.app; sourceTree = BUILT_PRODUCTS_DIR; };
		BE9BB4BE22FC754D00D1A3E3 /* AppDelegate.swift */ = {isa = PBXFileReference; lastKnownFileType = sourcecode.swift; path = AppDelegate.swift; sourceTree = "<group>"; };
		BE9BB4C022FC754D00D1A3E3 /* SceneDelegate.swift */ = {isa = PBXFileReference; lastKnownFileType = sourcecode.swift; path = SceneDelegate.swift; sourceTree = "<group>"; };
		BE9BB4C222FC754D00D1A3E3 /* ContentView.swift */ = {isa = PBXFileReference; lastKnownFileType = sourcecode.swift; path = ContentView.swift; sourceTree = "<group>"; };
		BE9BB4C422FC756800D1A3E3 /* Assets.xcassets */ = {isa = PBXFileReference; lastKnownFileType = folder.assetcatalog; path = Assets.xcassets; sourceTree = "<group>"; };
		BE9BB4C722FC756800D1A3E3 /* Preview Assets.xcassets */ = {isa = PBXFileReference; lastKnownFileType = folder.assetcatalog; path = "Preview Assets.xcassets"; sourceTree = "<group>"; };
		BE9BB4CA22FC756800D1A3E3 /* Base */ = {isa = PBXFileReference; lastKnownFileType = file.storyboard; name = Base; path = Base.lproj/LaunchScreen.storyboard; sourceTree = "<group>"; };
		BE9BB4CC22FC756800D1A3E3 /* Info.plist */ = {isa = PBXFileReference; lastKnownFileType = text.plist.xml; path = Info.plist; sourceTree = "<group>"; };
		BE9BB4D122FC756800D1A3E3 /* ListsAndFormsTests.xctest */ = {isa = PBXFileReference; explicitFileType = wrapper.cfbundle; includeInIndex = 0; path = ListsAndFormsTests.xctest; sourceTree = BUILT_PRODUCTS_DIR; };
		BE9BB4D522FC756800D1A3E3 /* ListsAndFormsTests.swift */ = {isa = PBXFileReference; lastKnownFileType = sourcecode.swift; path = ListsAndFormsTests.swift; sourceTree = "<group>"; };
		BE9BB4D722FC756800D1A3E3 /* Info.plist */ = {isa = PBXFileReference; lastKnownFileType = text.plist.xml; path = Info.plist; sourceTree = "<group>"; };
		BE9BB4DC22FC756800D1A3E3 /* ListsAndFormsUITests.xctest */ = {isa = PBXFileReference; explicitFileType = wrapper.cfbundle; includeInIndex = 0; path = ListsAndFormsUITests.xctest; sourceTree = BUILT_PRODUCTS_DIR; };
		BE9BB4E022FC756800D1A3E3 /* ListsAndFormsUITests.swift */ = {isa = PBXFileReference; lastKnownFileType = sourcecode.swift; path = ListsAndFormsUITests.swift; sourceTree = "<group>"; };
		BE9BB4E222FC756800D1A3E3 /* Info.plist */ = {isa = PBXFileReference; lastKnownFileType = text.plist.xml; path = Info.plist; sourceTree = "<group>"; };
/* End PBXFileReference section */

/* Begin PBXFrameworksBuildPhase section */
		BE9BB4B822FC754A00D1A3E3 /* Frameworks */ = {
			isa = PBXFrameworksBuildPhase;
			buildActionMask = 2147483647;
			files = (
			);
			runOnlyForDeploymentPostprocessing = 0;
		};
		BE9BB4CE22FC756800D1A3E3 /* Frameworks */ = {
			isa = PBXFrameworksBuildPhase;
			buildActionMask = 2147483647;
			files = (
			);
			runOnlyForDeploymentPostprocessing = 0;
		};
		BE9BB4D922FC756800D1A3E3 /* Frameworks */ = {
			isa = PBXFrameworksBuildPhase;
			buildActionMask = 2147483647;
			files = (
			);
			runOnlyForDeploymentPostprocessing = 0;
		};
/* End PBXFrameworksBuildPhase section */

/* Begin PBXGroup section */
		BE9BB4B222FC754800D1A3E3 = {
			isa = PBXGroup;
			children = (
				BE9BB4BD22FC754D00D1A3E3 /* ListsAndForms */,
				BE9BB4D422FC756800D1A3E3 /* ListsAndFormsTests */,
				BE9BB4DF22FC756800D1A3E3 /* ListsAndFormsUITests */,
				BE9BB4BC22FC754D00D1A3E3 /* Products */,
			);
			sourceTree = "<group>";
		};
		BE9BB4BC22FC754D00D1A3E3 /* Products */ = {
			isa = PBXGroup;
			children = (
				BE9BB4BB22FC754D00D1A3E3 /* ListsAndForms.app */,
				BE9BB4D122FC756800D1A3E3 /* ListsAndFormsTests.xctest */,
				BE9BB4DC22FC756800D1A3E3 /* ListsAndFormsUITests.xctest */,
			);
			name = Products;
			sourceTree = "<group>";
		};
		BE9BB4BD22FC754D00D1A3E3 /* ListsAndForms */ = {
			isa = PBXGroup;
			children = (
				BE9BB4BE22FC754D00D1A3E3 /* AppDelegate.swift */,
				BE9BB4C022FC754D00D1A3E3 /* SceneDelegate.swift */,
				BE9BB4C222FC754D00D1A3E3 /* ContentView.swift */,
				BE9BB4C422FC756800D1A3E3 /* Assets.xcassets */,
				BE9BB4C922FC756800D1A3E3 /* LaunchScreen.storyboard */,
				BE9BB4CC22FC756800D1A3E3 /* Info.plist */,
				BE9BB4C622FC756800D1A3E3 /* Preview Content */,
			);
			path = ListsAndForms;
			sourceTree = "<group>";
		};
		BE9BB4C622FC756800D1A3E3 /* Preview Content */ = {
			isa = PBXGroup;
			children = (
				BE9BB4C722FC756800D1A3E3 /* Preview Assets.xcassets */,
			);
			path = "Preview Content";
			sourceTree = "<group>";
		};
		BE9BB4D422FC756800D1A3E3 /* ListsAndFormsTests */ = {
			isa = PBXGroup;
			children = (
				BE9BB4D522FC756800D1A3E3 /* ListsAndFormsTests.swift */,
				BE9BB4D722FC756800D1A3E3 /* Info.plist */,
			);
			path = ListsAndFormsTests;
			sourceTree = "<group>";
		};
		BE9BB4DF22FC756800D1A3E3 /* ListsAndFormsUITests */ = {
			isa = PBXGroup;
			children = (
				BE9BB4E022FC756800D1A3E3 /* ListsAndFormsUITests.swift */,
				BE9BB4E222FC756800D1A3E3 /* Info.plist */,
			);
			path = ListsAndFormsUITests;
			sourceTree = "<group>";
		};
/* End PBXGroup section */

/* Begin PBXNativeTarget section */
		BE9BB4BA22FC754A00D1A3E3 /* ListsAndForms */ = {
			isa = PBXNativeTarget;
			buildConfigurationList = BE9BB4E522FC756900D1A3E3 /* Build configuration list for PBXNativeTarget "ListsAndForms" */;
			buildPhases = (
				BE9BB4B722FC754A00D1A3E3 /* Sources */,
				BE9BB4B822FC754A00D1A3E3 /* Frameworks */,
				BE9BB4B922FC754A00D1A3E3 /* Resources */,
			);
			buildRules = (
			);
			dependencies = (
			);
			name = ListsAndForms;
			productName = ListsAndForms;
			productReference = BE9BB4BB22FC754D00D1A3E3 /* ListsAndForms.app */;
			productType = "com.apple.product-type.application";
		};
		BE9BB4D022FC756800D1A3E3 /* ListsAndFormsTests */ = {
			isa = PBXNativeTarget;
			buildConfigurationList = BE9BB4E822FC756900D1A3E3 /* Build configuration list for PBXNativeTarget "ListsAndFormsTests" */;
			buildPhases = (
				BE9BB4CD22FC756800D1A3E3 /* Sources */,
				BE9BB4CE22FC756800D1A3E3 /* Frameworks */,
				BE9BB4CF22FC756800D1A3E3 /* Resources */,
			);
			buildRules = (
			);
			dependencies = (
				BE9BB4D322FC756800D1A3E3 /* PBXTargetDependency */,
			);
			name = ListsAndFormsTests;
			productName = ListsAndFormsTests;
			productReference = BE9BB4D122FC756800D1A3E3 /* ListsAndFormsTests.xctest */;
			productType = "com.apple.product-type.bundle.unit-test";
		};
		BE9BB4DB22FC756800D1A3E3 /* ListsAndFormsUITests */ = {
			isa = PBXNativeTarget;
			buildConfigurationList = BE9BB4EB22FC756900D1A3E3 /* Build configuration list for PBXNativeTarget "ListsAndFormsUITests" */;
			buildPhases = (
				BE9BB4D822FC756800D1A3E3 /* Sources */,
				BE9BB4D922FC756800D1A3E3 /* Frameworks */,
				BE9BB4DA22FC756800D1A3E3 /* Resources */,
			);
			buildRules = (
			);
			dependencies = (
				BE9BB4DE22FC756800D1A3E3 /* PBXTargetDependency */,
			);
			name = ListsAndFormsUITests;
			productName = ListsAndFormsUITests;
			productReference = BE9BB4DC22FC756800D1A3E3 /* ListsAndFormsUITests.xctest */;
			productType = "com.apple.product-type.bundle.ui-testing";
		};
/* End PBXNativeTarget section */

/* Begin PBXProject section */
		BE9BB4B322FC754800D1A3E3 /* Project object */ = {
			isa = PBXProject;
			attributes = {
				LastSwiftUpdateCheck = 1100;
				LastUpgradeCheck = 1100;
				ORGANIZATIONNAME = "Wilson Munoz";
				TargetAttributes = {
					BE9BB4BA22FC754A00D1A3E3 = {
						CreatedOnToolsVersion = 11.0;
					};
					BE9BB4D022FC756800D1A3E3 = {
						CreatedOnToolsVersion = 11.0;
						TestTargetID = BE9BB4BA22FC754A00D1A3E3;
					};
					BE9BB4DB22FC756800D1A3E3 = {
						CreatedOnToolsVersion = 11.0;
						TestTargetID = BE9BB4BA22FC754A00D1A3E3;
					};
				};
			};
			buildConfigurationList = BE9BB4B622FC754900D1A3E3 /* Build configuration list for PBXProject "ListsAndForms" */;
			compatibilityVersion = "Xcode 9.3";
			developmentRegion = en;
			hasScannedForEncodings = 0;
			knownRegions = (
				en,
				Base,
			);
			mainGroup = BE9BB4B222FC754800D1A3E3;
			productRefGroup = BE9BB4BC22FC754D00D1A3E3 /* Products */;
			projectDirPath = "";
			projectRoot = "";
			targets = (
				BE9BB4BA22FC754A00D1A3E3 /* ListsAndForms */,
				BE9BB4D022FC756800D1A3E3 /* ListsAndFormsTests */,
				BE9BB4DB22FC756800D1A3E3 /* ListsAndFormsUITests */,
			);
		};
/* End PBXProject section */

/* Begin PBXResourcesBuildPhase section */
		BE9BB4B922FC754A00D1A3E3 /* Resources */ = {
			isa = PBXResourcesBuildPhase;
			buildActionMask = 2147483647;
			files = (
				BE9BB4CB22FC756800D1A3E3 /* LaunchScreen.storyboard in Resources */,
				BE9BB4C822FC756800D1A3E3 /* Preview Assets.xcassets in Resources */,
				BE9BB4C522FC756800D1A3E3 /* Assets.xcassets in Resources */,
			);
			runOnlyForDeploymentPostprocessing = 0;
		};
		BE9BB4CF22FC756800D1A3E3 /* Resources */ = {
			isa = PBXResourcesBuildPhase;
			buildActionMask = 2147483647;
			files = (
			);
			runOnlyForDeploymentPostprocessing = 0;
		};
		BE9BB4DA22FC756800D1A3E3 /* Resources */ = {
			isa = PBXResourcesBuildPhase;
			buildActionMask = 2147483647;
			files = (
			);
			runOnlyForDeploymentPostprocessing = 0;
		};
/* End PBXResourcesBuildPhase section */

/* Begin PBXSourcesBuildPhase section */
		BE9BB4B722FC754A00D1A3E3 /* Sources */ = {
			isa = PBXSourcesBuildPhase;
			buildActionMask = 2147483647;
			files = (
				BE9BB4BF22FC754D00D1A3E3 /* AppDelegate.swift in Sources */,
				BE9BB4C122FC754D00D1A3E3 /* SceneDelegate.swift in Sources */,
				BE9BB4C322FC754D00D1A3E3 /* ContentView.swift in Sources */,
			);
			runOnlyForDeploymentPostprocessing = 0;
		};
		BE9BB4CD22FC756800D1A3E3 /* Sources */ = {
			isa = PBXSourcesBuildPhase;
			buildActionMask = 2147483647;
			files = (
				BE9BB4D622FC756800D1A3E3 /* ListsAndFormsTests.swift in Sources */,
			);
			runOnlyForDeploymentPostprocessing = 0;
		};
		BE9BB4D822FC756800D1A3E3 /* Sources */ = {
			isa = PBXSourcesBuildPhase;
			buildActionMask = 2147483647;
			files = (
				BE9BB4E122FC756800D1A3E3 /* ListsAndFormsUITests.swift in Sources */,
			);
			runOnlyForDeploymentPostprocessing = 0;
		};
/* End PBXSourcesBuildPhase section */

/* Begin PBXTargetDependency section */
		BE9BB4D322FC756800D1A3E3 /* PBXTargetDependency */ = {
			isa = PBXTargetDependency;
			target = BE9BB4BA22FC754A00D1A3E3 /* ListsAndForms */;
			targetProxy = BE9BB4D222FC756800D1A3E3 /* PBXContainerItemProxy */;
		};
		BE9BB4DE22FC756800D1A3E3 /* PBXTargetDependency */ = {
			isa = PBXTargetDependency;
			target = BE9BB4BA22FC754A00D1A3E3 /* ListsAndForms */;
			targetProxy = BE9BB4DD22FC756800D1A3E3 /* PBXContainerItemProxy */;
		};
/* End PBXTargetDependency section */

/* Begin PBXVariantGroup section */
		BE9BB4C922FC756800D1A3E3 /* LaunchScreen.storyboard */ = {
			isa = PBXVariantGroup;
			children = (
				BE9BB4CA22FC756800D1A3E3 /* Base */,
			);
			name = LaunchScreen.storyboard;
			sourceTree = "<group>";
		};
/* End PBXVariantGroup section */

/* Begin XCBuildConfiguration section */
		BE9BB4E322FC756900D1A3E3 /* Debug */ = {
			isa = XCBuildConfiguration;
			buildSettings = {
				ALWAYS_SEARCH_USER_PATHS = NO;
				CLANG_ANALYZER_NONNULL = YES;
				CLANG_ANALYZER_NUMBER_OBJECT_CONVERSION = YES_AGGRESSIVE;
				CLANG_CXX_LANGUAGE_STANDARD = "gnu++14";
				CLANG_CXX_LIBRARY = "libc++";
				CLANG_ENABLE_MODULES = YES;
				CLANG_ENABLE_OBJC_ARC = YES;
				CLANG_ENABLE_OBJC_WEAK = YES;
				CLANG_WARN_BLOCK_CAPTURE_AUTORELEASING = YES;
				CLANG_WARN_BOOL_CONVERSION = YES;
				CLANG_WARN_COMMA = YES;
				CLANG_WARN_CONSTANT_CONVERSION = YES;
				CLANG_WARN_DEPRECATED_OBJC_IMPLEMENTATIONS = YES;
				CLANG_WARN_DIRECT_OBJC_ISA_USAGE = YES_ERROR;
				CLANG_WARN_DOCUMENTATION_COMMENTS = YES;
				CLANG_WARN_EMPTY_BODY = YES;
				CLANG_WARN_ENUM_CONVERSION = YES;
				CLANG_WARN_INFINITE_RECURSION = YES;
				CLANG_WARN_INT_CONVERSION = YES;
				CLANG_WARN_NON_LITERAL_NULL_CONVERSION = YES;
				CLANG_WARN_OBJC_IMPLICIT_RETAIN_SELF = YES;
				CLANG_WARN_OBJC_LITERAL_CONVERSION = YES;
				CLANG_WARN_OBJC_ROOT_CLASS = YES_ERROR;
				CLANG_WARN_RANGE_LOOP_ANALYSIS = YES;
				CLANG_WARN_STRICT_PROTOTYPES = YES;
				CLANG_WARN_SUSPICIOUS_MOVE = YES;
				CLANG_WARN_UNGUARDED_AVAILABILITY = YES_AGGRESSIVE;
				CLANG_WARN_UNREACHABLE_CODE = YES;
				CLANG_WARN__DUPLICATE_METHOD_MATCH = YES;
				COPY_PHASE_STRIP = NO;
				DEBUG_INFORMATION_FORMAT = dwarf;
				ENABLE_STRICT_OBJC_MSGSEND = YES;
				ENABLE_TESTABILITY = YES;
				GCC_C_LANGUAGE_STANDARD = gnu11;
				GCC_DYNAMIC_NO_PIC = NO;
				GCC_NO_COMMON_BLOCKS = YES;
				GCC_OPTIMIZATION_LEVEL = 0;
				GCC_PREPROCESSOR_DEFINITIONS = (
					"DEBUG=1",
					"$(inherited)",
				);
				GCC_WARN_64_TO_32_BIT_CONVERSION = YES;
				GCC_WARN_ABOUT_RETURN_TYPE = YES_ERROR;
				GCC_WARN_UNDECLARED_SELECTOR = YES;
				GCC_WARN_UNINITIALIZED_AUTOS = YES_AGGRESSIVE;
				GCC_WARN_UNUSED_FUNCTION = YES;
				GCC_WARN_UNUSED_VARIABLE = YES;
				IPHONEOS_DEPLOYMENT_TARGET = 13.0;
				MTL_ENABLE_DEBUG_INFO = INCLUDE_SOURCE;
				MTL_FAST_MATH = YES;
				ONLY_ACTIVE_ARCH = YES;
				SDKROOT = iphoneos;
				SWIFT_ACTIVE_COMPILATION_CONDITIONS = DEBUG;
				SWIFT_OPTIMIZATION_LEVEL = "-Onone";
			};
			name = Debug;
		};
		BE9BB4E422FC756900D1A3E3 /* Release */ = {
			isa = XCBuildConfiguration;
			buildSettings = {
				ALWAYS_SEARCH_USER_PATHS = NO;
				CLANG_ANALYZER_NONNULL = YES;
				CLANG_ANALYZER_NUMBER_OBJECT_CONVERSION = YES_AGGRESSIVE;
				CLANG_CXX_LANGUAGE_STANDARD = "gnu++14";
				CLANG_CXX_LIBRARY = "libc++";
				CLANG_ENABLE_MODULES = YES;
				CLANG_ENABLE_OBJC_ARC = YES;
				CLANG_ENABLE_OBJC_WEAK = YES;
				CLANG_WARN_BLOCK_CAPTURE_AUTORELEASING = YES;
				CLANG_WARN_BOOL_CONVERSION = YES;
				CLANG_WARN_COMMA = YES;
				CLANG_WARN_CONSTANT_CONVERSION = YES;
				CLANG_WARN_DEPRECATED_OBJC_IMPLEMENTATIONS = YES;
				CLANG_WARN_DIRECT_OBJC_ISA_USAGE = YES_ERROR;
				CLANG_WARN_DOCUMENTATION_COMMENTS = YES;
				CLANG_WARN_EMPTY_BODY = YES;
				CLANG_WARN_ENUM_CONVERSION = YES;
				CLANG_WARN_INFINITE_RECURSION = YES;
				CLANG_WARN_INT_CONVERSION = YES;
				CLANG_WARN_NON_LITERAL_NULL_CONVERSION = YES;
				CLANG_WARN_OBJC_IMPLICIT_RETAIN_SELF = YES;
				CLANG_WARN_OBJC_LITERAL_CONVERSION = YES;
				CLANG_WARN_OBJC_ROOT_CLASS = YES_ERROR;
				CLANG_WARN_RANGE_LOOP_ANALYSIS = YES;
				CLANG_WARN_STRICT_PROTOTYPES = YES;
				CLANG_WARN_SUSPICIOUS_MOVE = YES;
				CLANG_WARN_UNGUARDED_AVAILABILITY = YES_AGGRESSIVE;
				CLANG_WARN_UNREACHABLE_CODE = YES;
				CLANG_WARN__DUPLICATE_METHOD_MATCH = YES;
				COPY_PHASE_STRIP = NO;
				DEBUG_INFORMATION_FORMAT = "dwarf-with-dsym";
				ENABLE_NS_ASSERTIONS = NO;
				ENABLE_STRICT_OBJC_MSGSEND = YES;
				GCC_C_LANGUAGE_STANDARD = gnu11;
				GCC_NO_COMMON_BLOCKS = YES;
				GCC_WARN_64_TO_32_BIT_CONVERSION = YES;
				GCC_WARN_ABOUT_RETURN_TYPE = YES_ERROR;
				GCC_WARN_UNDECLARED_SELECTOR = YES;
				GCC_WARN_UNINITIALIZED_AUTOS = YES_AGGRESSIVE;
				GCC_WARN_UNUSED_FUNCTION = YES;
				GCC_WARN_UNUSED_VARIABLE = YES;
				IPHONEOS_DEPLOYMENT_TARGET = 13.0;
				MTL_ENABLE_DEBUG_INFO = NO;
				MTL_FAST_MATH = YES;
				SDKROOT = iphoneos;
				SWIFT_COMPILATION_MODE = wholemodule;
				SWIFT_OPTIMIZATION_LEVEL = "-O";
				VALIDATE_PRODUCT = YES;
			};
			name = Release;
		};
		BE9BB4E622FC756900D1A3E3 /* Debug */ = {
			isa = XCBuildConfiguration;
			buildSettings = {
				ASSETCATALOG_COMPILER_APPICON_NAME = AppIcon;
				CODE_SIGN_STYLE = Automatic;
				DEVELOPMENT_ASSET_PATHS = "ListsAndForms/Preview\\ Content";
				DEVELOPMENT_TEAM = DYWX76A76F;
				ENABLE_PREVIEWS = YES;
				INFOPLIST_FILE = ListsAndForms/Info.plist;
				LD_RUNPATH_SEARCH_PATHS = (
					"$(inherited)",
					"@executable_path/Frameworks",
				);
				PRODUCT_BUNDLE_IDENTIFIER = net.wilsonmunoz.ListsAndForms;
				PRODUCT_NAME = "$(TARGET_NAME)";
				SWIFT_VERSION = 5.0;
				TARGETED_DEVICE_FAMILY = "1,2";
			};
			name = Debug;
		};
		BE9BB4E722FC756900D1A3E3 /* Release */ = {
			isa = XCBuildConfiguration;
			buildSettings = {
				ASSETCATALOG_COMPILER_APPICON_NAME = AppIcon;
				CODE_SIGN_STYLE = Automatic;
				DEVELOPMENT_ASSET_PATHS = "ListsAndForms/Preview\\ Content";
				DEVELOPMENT_TEAM = DYWX76A76F;
				ENABLE_PREVIEWS = YES;
				INFOPLIST_FILE = ListsAndForms/Info.plist;
				LD_RUNPATH_SEARCH_PATHS = (
					"$(inherited)",
					"@executable_path/Frameworks",
				);
				PRODUCT_BUNDLE_IDENTIFIER = net.wilsonmunoz.ListsAndForms;
				PRODUCT_NAME = "$(TARGET_NAME)";
				SWIFT_VERSION = 5.0;
				TARGETED_DEVICE_FAMILY = "1,2";
			};
			name = Release;
		};
		BE9BB4E922FC756900D1A3E3 /* Debug */ = {
			isa = XCBuildConfiguration;
			buildSettings = {
				ALWAYS_EMBED_SWIFT_STANDARD_LIBRARIES = YES;
				BUNDLE_LOADER = "$(TEST_HOST)";
				CODE_SIGN_STYLE = Automatic;
				DEVELOPMENT_TEAM = DYWX76A76F;
				INFOPLIST_FILE = ListsAndFormsTests/Info.plist;
				LD_RUNPATH_SEARCH_PATHS = (
					"$(inherited)",
					"@executable_path/Frameworks",
					"@loader_path/Frameworks",
				);
				PRODUCT_BUNDLE_IDENTIFIER = net.wilsonmunoz.ListsAndFormsTests;
				PRODUCT_NAME = "$(TARGET_NAME)";
				SWIFT_VERSION = 5.0;
				TARGETED_DEVICE_FAMILY = "1,2";
				TEST_HOST = "$(BUILT_PRODUCTS_DIR)/ListsAndForms.app/ListsAndForms";
			};
			name = Debug;
		};
		BE9BB4EA22FC756900D1A3E3 /* Release */ = {
			isa = XCBuildConfiguration;
			buildSettings = {
				ALWAYS_EMBED_SWIFT_STANDARD_LIBRARIES = YES;
				BUNDLE_LOADER = "$(TEST_HOST)";
				CODE_SIGN_STYLE = Automatic;
				DEVELOPMENT_TEAM = DYWX76A76F;
				INFOPLIST_FILE = ListsAndFormsTests/Info.plist;
				LD_RUNPATH_SEARCH_PATHS = (
					"$(inherited)",
					"@executable_path/Frameworks",
					"@loader_path/Frameworks",
				);
				PRODUCT_BUNDLE_IDENTIFIER = net.wilsonmunoz.ListsAndFormsTests;
				PRODUCT_NAME = "$(TARGET_NAME)";
				SWIFT_VERSION = 5.0;
				TARGETED_DEVICE_FAMILY = "1,2";
				TEST_HOST = "$(BUILT_PRODUCTS_DIR)/ListsAndForms.app/ListsAndForms";
			};
			name = Release;
		};
		BE9BB4EC22FC756900D1A3E3 /* Debug */ = {
			isa = XCBuildConfiguration;
			buildSettings = {
				ALWAYS_EMBED_SWIFT_STANDARD_LIBRARIES = YES;
				CODE_SIGN_STYLE = Automatic;
				DEVELOPMENT_TEAM = DYWX76A76F;
				INFOPLIST_FILE = ListsAndFormsUITests/Info.plist;
				LD_RUNPATH_SEARCH_PATHS = (
					"$(inherited)",
					"@executable_path/Frameworks",
					"@loader_path/Frameworks",
				);
				PRODUCT_BUNDLE_IDENTIFIER = net.wilsonmunoz.ListsAndFormsUITests;
				PRODUCT_NAME = "$(TARGET_NAME)";
				SWIFT_VERSION = 5.0;
				TARGETED_DEVICE_FAMILY = "1,2";
				TEST_TARGET_NAME = ListsAndForms;
			};
			name = Debug;
		};
		BE9BB4ED22FC756900D1A3E3 /* Release */ = {
			isa = XCBuildConfiguration;
			buildSettings = {
				ALWAYS_EMBED_SWIFT_STANDARD_LIBRARIES = YES;
				CODE_SIGN_STYLE = Automatic;
				DEVELOPMENT_TEAM = DYWX76A76F;
				INFOPLIST_FILE = ListsAndFormsUITests/Info.plist;
				LD_RUNPATH_SEARCH_PATHS = (
					"$(inherited)",
					"@executable_path/Frameworks",
					"@loader_path/Frameworks",
				);
				PRODUCT_BUNDLE_IDENTIFIER = net.wilsonmunoz.ListsAndFormsUITests;
				PRODUCT_NAME = "$(TARGET_NAME)";
				SWIFT_VERSION = 5.0;
				TARGETED_DEVICE_FAMILY = "1,2";
				TEST_TARGET_NAME = ListsAndForms;
			};
			name = Release;
		};
/* End XCBuildConfiguration section */

/* Begin XCConfigurationList section */
		BE9BB4B622FC754900D1A3E3 /* Build configuration list for PBXProject "ListsAndForms" */ = {
			isa = XCConfigurationList;
			buildConfigurations = (
				BE9BB4E322FC756900D1A3E3 /* Debug */,
				BE9BB4E422FC756900D1A3E3 /* Release */,
			);
			defaultConfigurationIsVisible = 0;
			defaultConfigurationName = Release;
		};
		BE9BB4E522FC756900D1A3E3 /* Build configuration list for PBXNativeTarget "ListsAndForms" */ = {
			isa = XCConfigurationList;
			buildConfigurations = (
				BE9BB4E622FC756900D1A3E3 /* Debug */,
				BE9BB4E722FC756900D1A3E3 /* Release */,
			);
			defaultConfigurationIsVisible = 0;
			defaultConfigurationName = Release;
		};
		BE9BB4E822FC756900D1A3E3 /* Build configuration list for PBXNativeTarget "ListsAndFormsTests" */ = {
			isa = XCConfigurationList;
			buildConfigurations = (
				BE9BB4E922FC756900D1A3E3 /* Debug */,
				BE9BB4EA22FC756900D1A3E3 /* Release */,
			);
			defaultConfigurationIsVisible = 0;
			defaultConfigurationName = Release;
		};
		BE9BB4EB22FC756900D1A3E3 /* Build configuration list for PBXNativeTarget "ListsAndFormsUITests" */ = {
			isa = XCConfigurationList;
			buildConfigurations = (
				BE9BB4EC22FC756900D1A3E3 /* Debug */,
				BE9BB4ED22FC756900D1A3E3 /* Release */,
			);
			defaultConfigurationIsVisible = 0;
			defaultConfigurationName = Release;
		};
/* End XCConfigurationList section */
	};
	rootObject = BE9BB4B322FC754800D1A3E3 /* Project object */;
}
